
Microsoft Visual Studio Solution File, Format Version 12.00
# Visual Studio Version 17
VisualStudioVersion = 17.8.34525.116
MinimumVisualStudioVersion = 10.0.40219.1
Project("{FAE04EC0-301F-11D3-BF4B-00C04F79EFBC}") = "TimeSpace", "TimeSpace.csproj", "{CE833F8A-2314-4F76-A44D-5F47FD8BDD55}"
EndProject
Global
	GlobalSection(SolutionConfigurationPlatforms) = preSolution
		Debug|Any CPU = Debug|Any CPU
		Release|Any CPU = Release|Any CPU
	EndGlobalSection
	GlobalSection(ProjectConfigurationPlatforms) = postSolution
		{CE833F8A-2314-4F76-A44D-5F47FD8BDD55}.Debug|Any CPU.ActiveCfg = Debug|Any CPU
		{CE833F8A-2314-4F76-A44D-5F47FD8BDD55}.Debug|Any CPU.Build.0 = Debug|Any CPU
		{CE833F8A-2314-4F76-A44D-5F47FD8BDD55}.Release|Any CPU.ActiveCfg = Release|Any CPU
		{CE833F8A-2314-4F76-A44D-5F47FD8BDD55}.Release|Any CPU.Build.0 = Release|Any CPU
	EndGlobalSection
	GlobalSection(SolutionProperties) = preSolution
		HideSolutionNode = FALSE
	EndGlobalSection
	GlobalSection(ExtensibilityGlobals) = postSolution
		SolutionGuid = {41B9E4B9-DD85-4B7B-A36C-CA501CC084C9}
	EndGlobalSection
EndGlobal
